{
  "name": "local-video-player",
  "version": "1.4.2",
  "lockfileVersion": 3,
  "requires": true,
  "packages": {
    "": {
      "name": "local-video-player",
      "version": "1.4.2",
      "hasInstallScript": false,
      "license": "MIT",
      "engines": {
        "node": ">=18"
      }
    }
  }
}
